
Microsoft Visual Studio Solution File, Format Version 12.00
# Visual Studio Version 16
VisualStudioVersion = 16.0.31205.134
MinimumVisualStudioVersion = 10.0.40219.1
Project("{9A19103F-16F7-4668-BE54-9A1E7A4F7556}") = "WebApiMongoDocker", "WebApiMongoDocker.csproj", "{D7A32082-6CD8-4B4D-996C-5ABFF94AC6BF}"
EndProject
Project("{2150E333-8FDC-42A3-9474-1A3956D46DE8}") = "DockerMongo", "DockerMongo", "{2AB38974-F032-440E-9946-B90037E7BA6A}"
	ProjectSection(SolutionItems) = preProject
		docker-compose.yml = docker-compose.yml
		init-mongo.js = init-mongo.js
	EndProjectSection
EndProject
Global
	GlobalSection(SolutionConfigurationPlatforms) = preSolution
		Debug|Any CPU = Debug|Any CPU
		Release|Any CPU = Release|Any CPU
	EndGlobalSection
	GlobalSection(ProjectConfigurationPlatforms) = postSolution
		{D7A32082-6CD8-4B4D-996C-5ABFF94AC6BF}.Debug|Any CPU.ActiveCfg = Debug|Any CPU
		{D7A32082-6CD8-4B4D-996C-5ABFF94AC6BF}.Debug|Any CPU.Build.0 = Debug|Any CPU
		{D7A32082-6CD8-4B4D-996C-5ABFF94AC6BF}.Release|Any CPU.ActiveCfg = Release|Any CPU
		{D7A32082-6CD8-4B4D-996C-5ABFF94AC6BF}.Release|Any CPU.Build.0 = Release|Any CPU
	EndGlobalSection
	GlobalSection(SolutionProperties) = preSolution
		HideSolutionNode = FALSE
	EndGlobalSection
	GlobalSection(ExtensibilityGlobals) = postSolution
		SolutionGuid = {C41CA512-51A7-4710-8668-8A209F0032BA}
	EndGlobalSection
EndGlobal
